// !$*UTF8*$!
{
	archiveVersion = 1;
	classes = {
	};
	objectVersion = 46;
	objects = {

/* Begin PBXBuildFile section */
		8F0742901FA6A03A00B5E79A /* CircleSlider.m in Sources */ = {isa = PBXBuildFile; fileRef = 8F07428F1FA6A03A00B5E79A /* CircleSlider.m */; };
		8F750F0D1F9ECE31009A9531 /* BXButtonFactory.m in Sources */ = {isa = PBXBuildFile; fileRef = 8F750F0C1F9ECE31009A9531 /* BXButtonFactory.m */; };
		8F750F101F9ECE9F009A9531 /* ToggleButton.m in Sources */ = {isa = PBXBuildFile; fileRef = 8F750F0F1F9ECE9F009A9531 /* ToggleButton.m */; };
		8FF4D2251F9CD1290049F168 /* main.m in Sources */ = {isa = PBXBuildFile; fileRef = 8FF4D2241F9CD1290049F168 /* main.m */; };
		8FF4D2281F9CD1290049F168 /* AppDelegate.m in Sources */ = {isa = PBXBuildFile; fileRef = 8FF4D2271F9CD1290049F168 /* AppDelegate.m */; };
		8FF4D22B1F9CD1290049F168 /* ViewController.m in Sources */ = {isa = PBXBuildFile; fileRef = 8FF4D22A1F9CD1290049F168 /* ViewController.m */; };
		8FF4D22E1F9CD1290049F168 /* Main.storyboard in Resources */ = {isa = PBXBuildFile; fileRef = 8FF4D22C1F9CD1290049F168 /* Main.storyboard */; };
		8FF4D2301F9CD1290049F168 /* Assets.xcassets in Resources */ = {isa = PBXBuildFile; fileRef = 8FF4D22F1F9CD1290049F168 /* Assets.xcassets */; };
		8FF4D2331F9CD1290049F168 /* LaunchScreen.storyboard in Resources */ = {isa = PBXBuildFile; fileRef = 8FF4D2311F9CD1290049F168 /* LaunchScreen.storyboard */; };
		8FF4D23C1F9D6ADE0049F168 /* ColorPicker.m in Sources */ = {isa = PBXBuildFile; fileRef = 8FF4D23B1F9D6ADE0049F168 /* ColorPicker.m */; };
		8FF4D23F1F9D7CBF0049F168 /* BXUImageView.m in Sources */ = {isa = PBXBuildFile; fileRef = 8FF4D23E1F9D7CBF0049F168 /* BXUImageView.m */; };
/* End PBXBuildFile section */

/* Begin PBXFileReference section */
		8F07428E1FA6A03A00B5E79A /* CircleSlider.h */ = {isa = PBXFileReference; fileEncoding = 4; lastKnownFileType = sourcecode.c.h; path = CircleSlider.h; sourceTree = "<group>"; };
		8F07428F1FA6A03A00B5E79A /* CircleSlider.m */ = {isa = PBXFileReference; fileEncoding = 4; lastKnownFileType = sourcecode.c.objc; path = CircleSlider.m; sourceTree = "<group>"; };
		8F750F0B1F9ECE31009A9531 /* BXButtonFactory.h */ = {isa = PBXFileReference; fileEncoding = 4; lastKnownFileType = sourcecode.c.h; path = BXButtonFactory.h; sourceTree = "<group>"; };
		8F750F0C1F9ECE31009A9531 /* BXButtonFactory.m */ = {isa = PBXFileReference; fileEncoding = 4; lastKnownFileType = sourcecode.c.objc; path = BXButtonFactory.m; sourceTree = "<group>"; };
		8F750F0E1F9ECE9F009A9531 /* ToggleButton.h */ = {isa = PBXFileReference; fileEncoding = 4; lastKnownFileType = sourcecode.c.h; path = ToggleButton.h; sourceTree = "<group>"; };
		8F750F0F1F9ECE9F009A9531 /* ToggleButton.m */ = {isa = PBXFileReference; fileEncoding = 4; lastKnownFileType = sourcecode.c.objc; path = ToggleButton.m; sourceTree = "<group>"; };
		8FF4D2201F9CD1290049F168 /* CustomUIControl.app */ = {isa = PBXFileReference; explicitFileType = wrapper.application; includeInIndex = 0; path = CustomUIControl.app; sourceTree = BUILT_PRODUCTS_DIR; };
		8FF4D2241F9CD1290049F168 /* main.m */ = {isa = PBXFileReference; lastKnownFileType = sourcecode.c.objc; path = main.m; sourceTree = "<group>"; };
		8FF4D2261F9CD1290049F168 /* AppDelegate.h */ = {isa = PBXFileReference; lastKnownFileType = sourcecode.c.h; path = AppDelegate.h; sourceTree = "<group>"; };
		8FF4D2271F9CD1290049F168 /* AppDelegate.m */ = {isa = PBXFileReference; lastKnownFileType = sourcecode.c.objc; path = AppDelegate.m; sourceTree = "<group>"; };
		8FF4D2291F9CD1290049F168 /* ViewController.h */ = {isa = PBXFileReference; lastKnownFileType = sourcecode.c.h; path = ViewController.h; sourceTree = "<group>"; };
		8FF4D22A1F9CD1290049F168 /* ViewController.m */ = {isa = PBXFileReference; lastKnownFileType = sourcecode.c.objc; path = ViewController.m; sourceTree = "<group>"; };
		8FF4D22D1F9CD1290049F168 /* Base */ = {isa = PBXFileReference; lastKnownFileType = file.storyboard; name = Base; path = Base.lproj/Main.storyboard; sourceTree = "<group>"; };
		8FF4D22F1F9CD1290049F168 /* Assets.xcassets */ = {isa = PBXFileReference; lastKnownFileType = folder.assetcatalog; path = Assets.xcassets; sourceTree = "<group>"; };
		8FF4D2321F9CD1290049F168 /* Base */ = {isa = PBXFileReference; lastKnownFileType = file.storyboard; name = Base; path = Base.lproj/LaunchScreen.storyboard; sourceTree = "<group>"; };
		8FF4D2341F9CD1290049F168 /* Info.plist */ = {isa = PBXFileReference; lastKnownFileType = text.plist.xml; path = Info.plist; sourceTree = "<group>"; };
		8FF4D23A1F9D6ADE0049F168 /* ColorPicker.h */ = {isa = PBXFileReference; fileEncoding = 4; lastKnownFileType = sourcecode.c.h; path = ColorPicker.h; sourceTree = "<group>"; };
		8FF4D23B1F9D6ADE0049F168 /* ColorPicker.m */ = {isa = PBXFileReference; fileEncoding = 4; lastKnownFileType = sourcecode.c.objc; path = ColorPicker.m; sourceTree = "<group>"; };
		8FF4D23D1F9D7CBF0049F168 /* BXUImageView.h */ = {isa = PBXFileReference; fileEncoding = 4; lastKnownFileType = sourcecode.c.h; path = BXUImageView.h; sourceTree = "<group>"; };
		8FF4D23E1F9D7CBF0049F168 /* BXUImageView.m */ = {isa = PBXFileReference; fileEncoding = 4; lastKnownFileType = sourcecode.c.objc; path = BXUImageView.m; sourceTree = "<group>"; };
/* End PBXFileReference section */

/* Begin PBXFrameworksBuildPhase section */
		8FF4D21D1F9CD1290049F168 /* Frameworks */ = {
			isa = PBXFrameworksBuildPhase;
			buildActionMask = 2147483647;
			files = (
			);
			runOnlyForDeploymentPostprocessing = 0;
		};
/* End PBXFrameworksBuildPhase section */

/* Begin PBXGroup section */
		8FF4D2171F9CD1290049F168 = {
			isa = PBXGroup;
			children = (
				8FF4D2221F9CD1290049F168 /* CustomUIControl */,
				8FF4D2211F9CD1290049F168 /* Products */,
			);
			sourceTree = "<group>";
		};
		8FF4D2211F9CD1290049F168 /* Products */ = {
			isa = PBXGroup;
			children = (
				8FF4D2201F9CD1290049F168 /* CustomUIControl.app */,
			);
			name = Products;
			sourceTree = "<group>";
		};
		8FF4D2221F9CD1290049F168 /* CustomUIControl */ = {
			isa = PBXGroup;
			children = (
				8FF4D2261F9CD1290049F168 /* AppDelegate.h */,
				8FF4D2271F9CD1290049F168 /* AppDelegate.m */,
				8FF4D2291F9CD1290049F168 /* ViewController.h */,
				8FF4D22A1F9CD1290049F168 /* ViewController.m */,
				8FF4D22C1F9CD1290049F168 /* Main.storyboard */,
				8FF4D22F1F9CD1290049F168 /* Assets.xcassets */,
				8FF4D2311F9CD1290049F168 /* LaunchScreen.storyboard */,
				8FF4D2341F9CD1290049F168 /* Info.plist */,
				8FF4D2231F9CD1290049F168 /* Supporting Files */,
				8FF4D23A1F9D6ADE0049F168 /* ColorPicker.h */,
				8FF4D23B1F9D6ADE0049F168 /* ColorPicker.m */,
				8FF4D23D1F9D7CBF0049F168 /* BXUImageView.h */,
				8FF4D23E1F9D7CBF0049F168 /* BXUImageView.m */,
				8F750F0B1F9ECE31009A9531 /* BXButtonFactory.h */,
				8F750F0C1F9ECE31009A9531 /* BXButtonFactory.m */,
				8F750F0E1F9ECE9F009A9531 /* ToggleButton.h */,
				8F750F0F1F9ECE9F009A9531 /* ToggleButton.m */,
				8F07428E1FA6A03A00B5E79A /* CircleSlider.h */,
				8F07428F1FA6A03A00B5E79A /* CircleSlider.m */,
			);
			path = CustomUIControl;
			sourceTree = "<group>";
		};
		8FF4D2231F9CD1290049F168 /* Supporting Files */ = {
			isa = PBXGroup;
			children = (
				8FF4D2241F9CD1290049F168 /* main.m */,
			);
			name = "Supporting Files";
			sourceTree = "<group>";
		};
/* End PBXGroup section */

/* Begin PBXNativeTarget section */
		8FF4D21F1F9CD1290049F168 /* CustomUIControl */ = {
			isa = PBXNativeTarget;
			buildConfigurationList = 8FF4D2371F9CD1290049F168 /* Build configuration list for PBXNativeTarget "CustomUIControl" */;
			buildPhases = (
				8FF4D21C1F9CD1290049F168 /* Sources */,
				8FF4D21D1F9CD1290049F168 /* Frameworks */,
				8FF4D21E1F9CD1290049F168 /* Resources */,
			);
			buildRules = (
			);
			dependencies = (
			);
			name = CustomUIControl;
			productName = CustomUIControl;
			productReference = 8FF4D2201F9CD1290049F168 /* CustomUIControl.app */;
			productType = "com.apple.product-type.application";
		};
/* End PBXNativeTarget section */

/* Begin PBXProject section */
		8FF4D2181F9CD1290049F168 /* Project object */ = {
			isa = PBXProject;
			attributes = {
				LastUpgradeCheck = 0830;
				ORGANIZATIONNAME = Backman;
				TargetAttributes = {
					8FF4D21F1F9CD1290049F168 = {
						CreatedOnToolsVersion = 8.3.3;
						DevelopmentTeam = 989RB4SH37;
						ProvisioningStyle = Automatic;
					};
				};
			};
			buildConfigurationList = 8FF4D21B1F9CD1290049F168 /* Build configuration list for PBXProject "CustomUIControl" */;
			compatibilityVersion = "Xcode 3.2";
			developmentRegion = English;
			hasScannedForEncodings = 0;
			knownRegions = (
				en,
				Base,
			);
			mainGroup = 8FF4D2171F9CD1290049F168;
			productRefGroup = 8FF4D2211F9CD1290049F168 /* Products */;
			projectDirPath = "";
			projectRoot = "";
			targets = (
				8FF4D21F1F9CD1290049F168 /* CustomUIControl */,
			);
		};
/* End PBXProject section */

/* Begin PBXResourcesBuildPhase section */
		8FF4D21E1F9CD1290049F168 /* Resources */ = {
			isa = PBXResourcesBuildPhase;
			buildActionMask = 2147483647;
			files = (
				8FF4D2331F9CD1290049F168 /* LaunchScreen.storyboard in Resources */,
				8FF4D2301F9CD1290049F168 /* Assets.xcassets in Resources */,
				8FF4D22E1F9CD1290049F168 /* Main.storyboard in Resources */,
			);
			runOnlyForDeploymentPostprocessing = 0;
		};
/* End PBXResourcesBuildPhase section */

/* Begin PBXSourcesBuildPhase section */
		8FF4D21C1F9CD1290049F168 /* Sources */ = {
			isa = PBXSourcesBuildPhase;
			buildActionMask = 2147483647;
			files = (
				8FF4D22B1F9CD1290049F168 /* ViewController.m in Sources */,
				8FF4D23C1F9D6ADE0049F168 /* ColorPicker.m in Sources */,
				8FF4D2281F9CD1290049F168 /* AppDelegate.m in Sources */,
				8FF4D23F1F9D7CBF0049F168 /* BXUImageView.m in Sources */,
				8F750F101F9ECE9F009A9531 /* ToggleButton.m in Sources */,
				8F750F0D1F9ECE31009A9531 /* BXButtonFactory.m in Sources */,
				8F0742901FA6A03A00B5E79A /* CircleSlider.m in Sources */,
				8FF4D2251F9CD1290049F168 /* main.m in Sources */,
			);
			runOnlyForDeploymentPostprocessing = 0;
		};
/* End PBXSourcesBuildPhase section */

/* Begin PBXVariantGroup section */
		8FF4D22C1F9CD1290049F168 /* Main.storyboard */ = {
			isa = PBXVariantGroup;
			children = (
				8FF4D22D1F9CD1290049F168 /* Base */,
			);
			name = Main.storyboard;
			sourceTree = "<group>";
		};
		8FF4D2311F9CD1290049F168 /* LaunchScreen.storyboard */ = {
			isa = PBXVariantGroup;
			children = (
				8FF4D2321F9CD1290049F168 /* Base */,
			);
			name = LaunchScreen.storyboard;
			sourceTree = "<group>";
		};
/* End PBXVariantGroup section */

/* Begin XCBuildConfiguration section */
		8FF4D2351F9CD1290049F168 /* Debug */ = {
			isa = XCBuildConfiguration;
			buildSettings = {
				ALWAYS_SEARCH_USER_PATHS = NO;
				CLANG_ANALYZER_NONNULL = YES;
				CLANG_ANALYZER_NUMBER_OBJECT_CONVERSION = YES_AGGRESSIVE;
				CLANG_CXX_LANGUAGE_STANDARD = "gnu++0x";
				CLANG_CXX_LIBRARY = "libc++";
				CLANG_ENABLE_MODULES = YES;
				CLANG_ENABLE_OBJC_ARC = YES;
				CLANG_WARN_BOOL_CONVERSION = YES;
				CLANG_WARN_CONSTANT_CONVERSION = YES;
				CLANG_WARN_DIRECT_OBJC_ISA_USAGE = YES_ERROR;
				CLANG_WARN_DOCUMENTATION_COMMENTS = YES;
				CLANG_WARN_EMPTY_BODY = YES;
				CLANG_WARN_ENUM_CONVERSION = YES;
				CLANG_WARN_INFINITE_RECURSION = YES;
				CLANG_WARN_INT_CONVERSION = YES;
				CLANG_WARN_OBJC_ROOT_CLASS = YES_ERROR;
				CLANG_WARN_SUSPICIOUS_MOVE = YES;
				CLANG_WARN_UNREACHABLE_CODE = YES;
				CLANG_WARN__DUPLICATE_METHOD_MATCH = YES;
				"CODE_SIGN_IDENTITY[sdk=iphoneos*]" = "iPhone Developer";
				COPY_PHASE_STRIP = NO;
				DEBUG_INFORMATION_FORMAT = dwarf;
				ENABLE_STRICT_OBJC_MSGSEND = YES;
				ENABLE_TESTABILITY = YES;
				GCC_C_LANGUAGE_STANDARD = gnu99;
				GCC_DYNAMIC_NO_PIC = NO;
				GCC_NO_COMMON_BLOCKS = YES;
				GCC_OPTIMIZATION_LEVEL = 0;
				GCC_PREPROCESSOR_DEFINITIONS = (
					"DEBUG=1",
					"$(inherited)",
				);
				GCC_WARN_64_TO_32_BIT_CONVERSION = YES;
				GCC_WARN_ABOUT_RETURN_TYPE = YES_ERROR;
				GCC_WARN_UNDECLARED_SELECTOR = YES;
				GCC_WARN_UNINITIALIZED_AUTOS = YES_AGGRESSIVE;
				GCC_WARN_UNUSED_FUNCTION = YES;
				GCC_WARN_UNUSED_VARIABLE = YES;
				IPHONEOS_DEPLOYMENT_TARGET = 10.3;
				MTL_ENABLE_DEBUG_INFO = YES;
				ONLY_ACTIVE_ARCH = YES;
				SDKROOT = iphoneos;
			};
			name = Debug;
		};
		8FF4D2361F9CD1290049F168 /* Release */ = {
			isa = XCBuildConfiguration;
			buildSettings = {
				ALWAYS_SEARCH_USER_PATHS = NO;
				CLANG_ANALYZER_NONNULL = YES;
				CLANG_ANALYZER_NUMBER_OBJECT_CONVERSION = YES_AGGRESSIVE;
				CLANG_CXX_LANGUAGE_STANDARD = "gnu++0x";
				CLANG_CXX_LIBRARY = "libc++";
				CLANG_ENABLE_MODULES = YES;
				CLANG_ENABLE_OBJC_ARC = YES;
				CLANG_WARN_BOOL_CONVERSION = YES;
				CLANG_WARN_CONSTANT_CONVERSION = YES;
				CLANG_WARN_DIRECT_OBJC_ISA_USAGE = YES_ERROR;
				CLANG_WARN_DOCUMENTATION_COMMENTS = YES;
				CLANG_WARN_EMPTY_BODY = YES;
				CLANG_WARN_ENUM_CONVERSION = YES;
				CLANG_WARN_INFINITE_RECURSION = YES;
				CLANG_WARN_INT_CONVERSION = YES;
				CLANG_WARN_OBJC_ROOT_CLASS = YES_ERROR;
				CLANG_WARN_SUSPICIOUS_MOVE = YES;
				CLANG_WARN_UNREACHABLE_CODE = YES;
				CLANG_WARN__DUPLICATE_METHOD_MATCH = YES;
				"CODE_SIGN_IDENTITY[sdk=iphoneos*]" = "iPhone Developer";
				COPY_PHASE_STRIP = NO;
				DEBUG_INFORMATION_FORMAT = "dwarf-with-dsym";
				ENABLE_NS_ASSERTIONS = NO;
				ENABLE_STRICT_OBJC_MSGSEND = YES;
				GCC_C_LANGUAGE_STANDARD = gnu99;
				GCC_NO_COMMON_BLOCKS = YES;
				GCC_WARN_64_TO_32_BIT_CONVERSION = YES;
				GCC_WARN_ABOUT_RETURN_TYPE = YES_ERROR;
				GCC_WARN_UNDECLARED_SELECTOR = YES;
				GCC_WARN_UNINITIALIZED_AUTOS = YES_AGGRESSIVE;
				GCC_WARN_UNUSED_FUNCTION = YES;
				GCC_WARN_UNUSED_VARIABLE = YES;
				IPHONEOS_DEPLOYMENT_TARGET = 10.3;
				MTL_ENABLE_DEBUG_INFO = NO;
				SDKROOT = iphoneos;
				VALIDATE_PRODUCT = YES;
			};
			name = Release;
		};
		8FF4D2381F9CD1290049F168 /* Debug */ = {
			isa = XCBuildConfiguration;
			buildSettings = {
				ASSETCATALOG_COMPILER_APPICON_NAME = AppIcon;
				DEVELOPMENT_TEAM = 989RB4SH37;
				INFOPLIST_FILE = CustomUIControl/Info.plist;
				LD_RUNPATH_SEARCH_PATHS = "$(inherited) @executable_path/Frameworks";
				PRODUCT_BUNDLE_IDENTIFIER = backman.CustomUIControl;
				PRODUCT_NAME = "$(TARGET_NAME)";
			};
			name = Debug;
		};
		8FF4D2391F9CD1290049F168 /* Release */ = {
			isa = XCBuildConfiguration;
			buildSettings = {
				ASSETCATALOG_COMPILER_APPICON_NAME = AppIcon;
				DEVELOPMENT_TEAM = 989RB4SH37;
				INFOPLIST_FILE = CustomUIControl/Info.plist;
				LD_RUNPATH_SEARCH_PATHS = "$(inherited) @executable_path/Frameworks";
				PRODUCT_BUNDLE_IDENTIFIER = backman.CustomUIControl;
				PRODUCT_NAME = "$(TARGET_NAME)";
			};
			name = Release;
		};
/* End XCBuildConfiguration section */

/* Begin XCConfigurationList section */
		8FF4D21B1F9CD1290049F168 /* Build configuration list for PBXProject "CustomUIControl" */ = {
			isa = XCConfigurationList;
			buildConfigurations = (
				8FF4D2351F9CD1290049F168 /* Debug */,
				8FF4D2361F9CD1290049F168 /* Release */,
			);
			defaultConfigurationIsVisible = 0;
			defaultConfigurationName = Release;
		};
		8FF4D2371F9CD1290049F168 /* Build configuration list for PBXNativeTarget "CustomUIControl" */ = {
			isa = XCConfigurationList;
			buildConfigurations = (
				8FF4D2381F9CD1290049F168 /* Debug */,
				8FF4D2391F9CD1290049F168 /* Release */,
			);
			defaultConfigurationIsVisible = 0;
			defaultConfigurationName = Release;
		};
/* End XCConfigurationList section */
	};
	rootObject = 8FF4D2181F9CD1290049F168 /* Project object */;
}
